
Microsoft Visual Studio Solution File, Format Version 12.00
# Visual Studio Version 17
VisualStudioVersion = 17.14.36616.10 d17.14
MinimumVisualStudioVersion = 10.0.40219.1
Project("{FAE04EC0-301F-11D3-BF4B-00C04F79EFBC}") = "MauiAppCameraView", "MauiAppCameraView\MauiAppCameraView.csproj", "{AE90D363-0829-4937-8EB7-E6E408042F06}"
EndProject
Global
	GlobalSection(SolutionConfigurationPlatforms) = preSolution
		Debug|Any CPU = Debug|Any CPU
		Release|Any CPU = Release|Any CPU
	EndGlobalSection
	GlobalSection(ProjectConfigurationPlatforms) = postSolution
		{AE90D363-0829-4937-8EB7-E6E408042F06}.Debug|Any CPU.ActiveCfg = Debug|Any CPU
		{AE90D363-0829-4937-8EB7-E6E408042F06}.Debug|Any CPU.Build.0 = Debug|Any CPU
		{AE90D363-0829-4937-8EB7-E6E408042F06}.Release|Any CPU.ActiveCfg = Release|Any CPU
		{AE90D363-0829-4937-8EB7-E6E408042F06}.Release|Any CPU.Build.0 = Release|Any CPU
	EndGlobalSection
	GlobalSection(SolutionProperties) = preSolution
		HideSolutionNode = FALSE
	EndGlobalSection
	GlobalSection(ExtensibilityGlobals) = postSolution
		SolutionGuid = {88DC99BB-A906-4C51-99AD-0E4395C66CD1}
	EndGlobalSection
EndGlobal
